// !$*UTF8*$!
{
	archiveVersion = 1;
	classes = {
	};
	objectVersion = 50;
	objects = {

/* Begin PBXBuildFile section */
		18E910532423D10C00AA5895 /* AppDelegate.swift in Sources */ = {isa = PBXBuildFile; fileRef = 18E910522423D10C00AA5895 /* AppDelegate.swift */; };
		18E910552423D10C00AA5895 /* SceneDelegate.swift in Sources */ = {isa = PBXBuildFile; fileRef = 18E910542423D10C00AA5895 /* SceneDelegate.swift */; };
		18E910572423D10C00AA5895 /* ViewController.swift in Sources */ = {isa = PBXBuildFile; fileRef = 18E910562423D10C00AA5895 /* ViewController.swift */; };
		18E9105A2423D10C00AA5895 /* Main.storyboard in Resources */ = {isa = PBXBuildFile; fileRef = 18E910582423D10C00AA5895 /* Main.storyboard */; };
		18E9105C2423D11200AA5895 /* Assets.xcassets in Resources */ = {isa = PBXBuildFile; fileRef = 18E9105B2423D11200AA5895 /* Assets.xcassets */; };
		18E9105F2423D11200AA5895 /* LaunchScreen.storyboard in Resources */ = {isa = PBXBuildFile; fileRef = 18E9105D2423D11200AA5895 /* LaunchScreen.storyboard */; };
		18E9106D2427D5DC00AA5895 /* ConversationsController.swift in Sources */ = {isa = PBXBuildFile; fileRef = 18E9106C2427D5DC00AA5895 /* ConversationsController.swift */; };
		18E910702427DFFB00AA5895 /* RegistrationController.swift in Sources */ = {isa = PBXBuildFile; fileRef = 18E9106F2427DFFB00AA5895 /* RegistrationController.swift */; };
		18E910722427E00900AA5895 /* LoginController.swift in Sources */ = {isa = PBXBuildFile; fileRef = 18E910712427E00900AA5895 /* LoginController.swift */; };
		18E910742427E58400AA5895 /* Extensions.swift in Sources */ = {isa = PBXBuildFile; fileRef = 18E910732427E58400AA5895 /* Extensions.swift */; };
/* End PBXBuildFile section */

/* Begin PBXFileReference section */
		18E9104F2423D10C00AA5895 /* FireChat.app */ = {isa = PBXFileReference; explicitFileType = wrapper.application; includeInIndex = 0; path = FireChat.app; sourceTree = BUILT_PRODUCTS_DIR; };
		18E910522423D10C00AA5895 /* AppDelegate.swift */ = {isa = PBXFileReference; lastKnownFileType = sourcecode.swift; path = AppDelegate.swift; sourceTree = "<group>"; };
		18E910542423D10C00AA5895 /* SceneDelegate.swift */ = {isa = PBXFileReference; lastKnownFileType = sourcecode.swift; path = SceneDelegate.swift; sourceTree = "<group>"; };
		18E910562423D10C00AA5895 /* ViewController.swift */ = {isa = PBXFileReference; lastKnownFileType = sourcecode.swift; path = ViewController.swift; sourceTree = "<group>"; };
		18E910592423D10C00AA5895 /* Base */ = {isa = PBXFileReference; lastKnownFileType = file.storyboard; name = Base; path = Base.lproj/Main.storyboard; sourceTree = "<group>"; };
		18E9105B2423D11200AA5895 /* Assets.xcassets */ = {isa = PBXFileReference; lastKnownFileType = folder.assetcatalog; path = Assets.xcassets; sourceTree = "<group>"; };
		18E9105E2423D11200AA5895 /* Base */ = {isa = PBXFileReference; lastKnownFileType = file.storyboard; name = Base; path = Base.lproj/LaunchScreen.storyboard; sourceTree = "<group>"; };
		18E910602423D11200AA5895 /* Info.plist */ = {isa = PBXFileReference; lastKnownFileType = text.plist.xml; path = Info.plist; sourceTree = "<group>"; };
		18E9106C2427D5DC00AA5895 /* ConversationsController.swift */ = {isa = PBXFileReference; lastKnownFileType = sourcecode.swift; path = ConversationsController.swift; sourceTree = "<group>"; };
		18E9106F2427DFFB00AA5895 /* RegistrationController.swift */ = {isa = PBXFileReference; lastKnownFileType = sourcecode.swift; path = RegistrationController.swift; sourceTree = "<group>"; };
		18E910712427E00900AA5895 /* LoginController.swift */ = {isa = PBXFileReference; lastKnownFileType = sourcecode.swift; path = LoginController.swift; sourceTree = "<group>"; };
		18E910732427E58400AA5895 /* Extensions.swift */ = {isa = PBXFileReference; lastKnownFileType = sourcecode.swift; path = Extensions.swift; sourceTree = "<group>"; };
/* End PBXFileReference section */

/* Begin PBXFrameworksBuildPhase section */
		18E9104C2423D10C00AA5895 /* Frameworks */ = {
			isa = PBXFrameworksBuildPhase;
			buildActionMask = 2147483647;
			files = (
			);
			runOnlyForDeploymentPostprocessing = 0;
		};
/* End PBXFrameworksBuildPhase section */

/* Begin PBXGroup section */
		18E910462423D10C00AA5895 = {
			isa = PBXGroup;
			children = (
				18E910512423D10C00AA5895 /* FireChat */,
				18E910502423D10C00AA5895 /* Products */,
			);
			sourceTree = "<group>";
		};
		18E910502423D10C00AA5895 /* Products */ = {
			isa = PBXGroup;
			children = (
				18E9104F2423D10C00AA5895 /* FireChat.app */,
			);
			name = Products;
			sourceTree = "<group>";
		};
		18E910512423D10C00AA5895 /* FireChat */ = {
			isa = PBXGroup;
			children = (
				18E9106B2423D25800AA5895 /* Model */,
				18E9106A2423D25500AA5895 /* View */,
				18E910692423D25200AA5895 /* ViewModel */,
				18E910682423D24F00AA5895 /* Controller */,
				18E910672423D24C00AA5895 /* API */,
				18E910662423D24900AA5895 /* Utils */,
				18E910522423D10C00AA5895 /* AppDelegate.swift */,
				18E910542423D10C00AA5895 /* SceneDelegate.swift */,
				18E910562423D10C00AA5895 /* ViewController.swift */,
				18E910582423D10C00AA5895 /* Main.storyboard */,
				18E9105B2423D11200AA5895 /* Assets.xcassets */,
				18E9105D2423D11200AA5895 /* LaunchScreen.storyboard */,
				18E910602423D11200AA5895 /* Info.plist */,
			);
			path = FireChat;
			sourceTree = "<group>";
		};
		18E910662423D24900AA5895 /* Utils */ = {
			isa = PBXGroup;
			children = (
				18E910732427E58400AA5895 /* Extensions.swift */,
			);
			path = Utils;
			sourceTree = "<group>";
		};
		18E910672423D24C00AA5895 /* API */ = {
			isa = PBXGroup;
			children = (
			);
			path = API;
			sourceTree = "<group>";
		};
		18E910682423D24F00AA5895 /* Controller */ = {
			isa = PBXGroup;
			children = (
				18E9106E2427DFDE00AA5895 /* Authentication */,
				18E9106C2427D5DC00AA5895 /* ConversationsController.swift */,
			);
			path = Controller;
			sourceTree = "<group>";
		};
		18E910692423D25200AA5895 /* ViewModel */ = {
			isa = PBXGroup;
			children = (
			);
			path = ViewModel;
			sourceTree = "<group>";
		};
		18E9106A2423D25500AA5895 /* View */ = {
			isa = PBXGroup;
			children = (
			);
			path = View;
			sourceTree = "<group>";
		};
		18E9106B2423D25800AA5895 /* Model */ = {
			isa = PBXGroup;
			children = (
			);
			path = Model;
			sourceTree = "<group>";
		};
		18E9106E2427DFDE00AA5895 /* Authentication */ = {
			isa = PBXGroup;
			children = (
				18E910712427E00900AA5895 /* LoginController.swift */,
				18E9106F2427DFFB00AA5895 /* RegistrationController.swift */,
			);
			path = Authentication;
			sourceTree = "<group>";
		};
/* End PBXGroup section */

/* Begin PBXNativeTarget section */
		18E9104E2423D10C00AA5895 /* FireChat */ = {
			isa = PBXNativeTarget;
			buildConfigurationList = 18E910632423D11200AA5895 /* Build configuration list for PBXNativeTarget "FireChat" */;
			buildPhases = (
				18E9104B2423D10C00AA5895 /* Sources */,
				18E9104C2423D10C00AA5895 /* Frameworks */,
				18E9104D2423D10C00AA5895 /* Resources */,
			);
			buildRules = (
			);
			dependencies = (
			);
			name = FireChat;
			productName = FireChat;
			productReference = 18E9104F2423D10C00AA5895 /* FireChat.app */;
			productType = "com.apple.product-type.application";
		};
/* End PBXNativeTarget section */

/* Begin PBXProject section */
		18E910472423D10C00AA5895 /* Project object */ = {
			isa = PBXProject;
			attributes = {
				LastSwiftUpdateCheck = 1130;
				LastUpgradeCheck = 1130;
				ORGANIZATIONNAME = "Sohel Dhengre";
				TargetAttributes = {
					18E9104E2423D10C00AA5895 = {
						CreatedOnToolsVersion = 11.3.1;
					};
				};
			};
			buildConfigurationList = 18E9104A2423D10C00AA5895 /* Build configuration list for PBXProject "FireChat" */;
			compatibilityVersion = "Xcode 9.3";
			developmentRegion = en;
			hasScannedForEncodings = 0;
			knownRegions = (
				en,
				Base,
			);
			mainGroup = 18E910462423D10C00AA5895;
			productRefGroup = 18E910502423D10C00AA5895 /* Products */;
			projectDirPath = "";
			projectRoot = "";
			targets = (
				18E9104E2423D10C00AA5895 /* FireChat */,
			);
		};
/* End PBXProject section */

/* Begin PBXResourcesBuildPhase section */
		18E9104D2423D10C00AA5895 /* Resources */ = {
			isa = PBXResourcesBuildPhase;
			buildActionMask = 2147483647;
			files = (
				18E9105F2423D11200AA5895 /* LaunchScreen.storyboard in Resources */,
				18E9105C2423D11200AA5895 /* Assets.xcassets in Resources */,
				18E9105A2423D10C00AA5895 /* Main.storyboard in Resources */,
			);
			runOnlyForDeploymentPostprocessing = 0;
		};
/* End PBXResourcesBuildPhase section */

/* Begin PBXSourcesBuildPhase section */
		18E9104B2423D10C00AA5895 /* Sources */ = {
			isa = PBXSourcesBuildPhase;
			buildActionMask = 2147483647;
			files = (
				18E910572423D10C00AA5895 /* ViewController.swift in Sources */,
				18E910722427E00900AA5895 /* LoginController.swift in Sources */,
				18E910532423D10C00AA5895 /* AppDelegate.swift in Sources */,
				18E9106D2427D5DC00AA5895 /* ConversationsController.swift in Sources */,
				18E910702427DFFB00AA5895 /* RegistrationController.swift in Sources */,
				18E910552423D10C00AA5895 /* SceneDelegate.swift in Sources */,
				18E910742427E58400AA5895 /* Extensions.swift in Sources */,
			);
			runOnlyForDeploymentPostprocessing = 0;
		};
/* End PBXSourcesBuildPhase section */

/* Begin PBXVariantGroup section */
		18E910582423D10C00AA5895 /* Main.storyboard */ = {
			isa = PBXVariantGroup;
			children = (
				18E910592423D10C00AA5895 /* Base */,
			);
			name = Main.storyboard;
			sourceTree = "<group>";
		};
		18E9105D2423D11200AA5895 /* LaunchScreen.storyboard */ = {
			isa = PBXVariantGroup;
			children = (
				18E9105E2423D11200AA5895 /* Base */,
			);
			name = LaunchScreen.storyboard;
			sourceTree = "<group>";
		};
/* End PBXVariantGroup section */

/* Begin XCBuildConfiguration section */
		18E910612423D11200AA5895 /* Debug */ = {
			isa = XCBuildConfiguration;
			buildSettings = {
				ALWAYS_SEARCH_USER_PATHS = NO;
				CLANG_ANALYZER_NONNULL = YES;
				CLANG_ANALYZER_NUMBER_OBJECT_CONVERSION = YES_AGGRESSIVE;
				CLANG_CXX_LANGUAGE_STANDARD = "gnu++14";
				CLANG_CXX_LIBRARY = "libc++";
				CLANG_ENABLE_MODULES = YES;
				CLANG_ENABLE_OBJC_ARC = YES;
				CLANG_ENABLE_OBJC_WEAK = YES;
				CLANG_WARN_BLOCK_CAPTURE_AUTORELEASING = YES;
				CLANG_WARN_BOOL_CONVERSION = YES;
				CLANG_WARN_COMMA = YES;
				CLANG_WARN_CONSTANT_CONVERSION = YES;
				CLANG_WARN_DEPRECATED_OBJC_IMPLEMENTATIONS = YES;
				CLANG_WARN_DIRECT_OBJC_ISA_USAGE = YES_ERROR;
				CLANG_WARN_DOCUMENTATION_COMMENTS = YES;
				CLANG_WARN_EMPTY_BODY = YES;
				CLANG_WARN_ENUM_CONVERSION = YES;
				CLANG_WARN_INFINITE_RECURSION = YES;
				CLANG_WARN_INT_CONVERSION = YES;
				CLANG_WARN_NON_LITERAL_NULL_CONVERSION = YES;
				CLANG_WARN_OBJC_IMPLICIT_RETAIN_SELF = YES;
				CLANG_WARN_OBJC_LITERAL_CONVERSION = YES;
				CLANG_WARN_OBJC_ROOT_CLASS = YES_ERROR;
				CLANG_WARN_RANGE_LOOP_ANALYSIS = YES;
				CLANG_WARN_STRICT_PROTOTYPES = YES;
				CLANG_WARN_SUSPICIOUS_MOVE = YES;
				CLANG_WARN_UNGUARDED_AVAILABILITY = YES_AGGRESSIVE;
				CLANG_WARN_UNREACHABLE_CODE = YES;
				CLANG_WARN__DUPLICATE_METHOD_MATCH = YES;
				COPY_PHASE_STRIP = NO;
				DEBUG_INFORMATION_FORMAT = dwarf;
				ENABLE_STRICT_OBJC_MSGSEND = YES;
				ENABLE_TESTABILITY = YES;
				GCC_C_LANGUAGE_STANDARD = gnu11;
				GCC_DYNAMIC_NO_PIC = NO;
				GCC_NO_COMMON_BLOCKS = YES;
				GCC_OPTIMIZATION_LEVEL = 0;
				GCC_PREPROCESSOR_DEFINITIONS = (
					"DEBUG=1",
					"$(inherited)",
				);
				GCC_WARN_64_TO_32_BIT_CONVERSION = YES;
				GCC_WARN_ABOUT_RETURN_TYPE = YES_ERROR;
				GCC_WARN_UNDECLARED_SELECTOR = YES;
				GCC_WARN_UNINITIALIZED_AUTOS = YES_AGGRESSIVE;
				GCC_WARN_UNUSED_FUNCTION = YES;
				GCC_WARN_UNUSED_VARIABLE = YES;
				IPHONEOS_DEPLOYMENT_TARGET = 13.2;
				MTL_ENABLE_DEBUG_INFO = INCLUDE_SOURCE;
				MTL_FAST_MATH = YES;
				ONLY_ACTIVE_ARCH = YES;
				SDKROOT = iphoneos;
				SWIFT_ACTIVE_COMPILATION_CONDITIONS = DEBUG;
				SWIFT_OPTIMIZATION_LEVEL = "-Onone";
			};
			name = Debug;
		};
		18E910622423D11200AA5895 /* Release */ = {
			isa = XCBuildConfiguration;
			buildSettings = {
				ALWAYS_SEARCH_USER_PATHS = NO;
				CLANG_ANALYZER_NONNULL = YES;
				CLANG_ANALYZER_NUMBER_OBJECT_CONVERSION = YES_AGGRESSIVE;
				CLANG_CXX_LANGUAGE_STANDARD = "gnu++14";
				CLANG_CXX_LIBRARY = "libc++";
				CLANG_ENABLE_MODULES = YES;
				CLANG_ENABLE_OBJC_ARC = YES;
				CLANG_ENABLE_OBJC_WEAK = YES;
				CLANG_WARN_BLOCK_CAPTURE_AUTORELEASING = YES;
				CLANG_WARN_BOOL_CONVERSION = YES;
				CLANG_WARN_COMMA = YES;
				CLANG_WARN_CONSTANT_CONVERSION = YES;
				CLANG_WARN_DEPRECATED_OBJC_IMPLEMENTATIONS = YES;
				CLANG_WARN_DIRECT_OBJC_ISA_USAGE = YES_ERROR;
				CLANG_WARN_DOCUMENTATION_COMMENTS = YES;
				CLANG_WARN_EMPTY_BODY = YES;
				CLANG_WARN_ENUM_CONVERSION = YES;
				CLANG_WARN_INFINITE_RECURSION = YES;
				CLANG_WARN_INT_CONVERSION = YES;
				CLANG_WARN_NON_LITERAL_NULL_CONVERSION = YES;
				CLANG_WARN_OBJC_IMPLICIT_RETAIN_SELF = YES;
				CLANG_WARN_OBJC_LITERAL_CONVERSION = YES;
				CLANG_WARN_OBJC_ROOT_CLASS = YES_ERROR;
				CLANG_WARN_RANGE_LOOP_ANALYSIS = YES;
				CLANG_WARN_STRICT_PROTOTYPES = YES;
				CLANG_WARN_SUSPICIOUS_MOVE = YES;
				CLANG_WARN_UNGUARDED_AVAILABILITY = YES_AGGRESSIVE;
				CLANG_WARN_UNREACHABLE_CODE = YES;
				CLANG_WARN__DUPLICATE_METHOD_MATCH = YES;
				COPY_PHASE_STRIP = NO;
				DEBUG_INFORMATION_FORMAT = "dwarf-with-dsym";
				ENABLE_NS_ASSERTIONS = NO;
				ENABLE_STRICT_OBJC_MSGSEND = YES;
				GCC_C_LANGUAGE_STANDARD = gnu11;
				GCC_NO_COMMON_BLOCKS = YES;
				GCC_WARN_64_TO_32_BIT_CONVERSION = YES;
				GCC_WARN_ABOUT_RETURN_TYPE = YES_ERROR;
				GCC_WARN_UNDECLARED_SELECTOR = YES;
				GCC_WARN_UNINITIALIZED_AUTOS = YES_AGGRESSIVE;
				GCC_WARN_UNUSED_FUNCTION = YES;
				GCC_WARN_UNUSED_VARIABLE = YES;
				IPHONEOS_DEPLOYMENT_TARGET = 13.2;
				MTL_ENABLE_DEBUG_INFO = NO;
				MTL_FAST_MATH = YES;
				SDKROOT = iphoneos;
				SWIFT_COMPILATION_MODE = wholemodule;
				SWIFT_OPTIMIZATION_LEVEL = "-O";
				VALIDATE_PRODUCT = YES;
			};
			name = Release;
		};
		18E910642423D11200AA5895 /* Debug */ = {
			isa = XCBuildConfiguration;
			buildSettings = {
				ASSETCATALOG_COMPILER_APPICON_NAME = AppIcon;
				CODE_SIGN_STYLE = Automatic;
				DEVELOPMENT_TEAM = 53K7S5SJTF;
				INFOPLIST_FILE = FireChat/Info.plist;
				LD_RUNPATH_SEARCH_PATHS = (
					"$(inherited)",
					"@executable_path/Frameworks",
				);
				PRODUCT_BUNDLE_IDENTIFIER = com.social.FireChat;
				PRODUCT_NAME = "$(TARGET_NAME)";
				SWIFT_VERSION = 5.0;
				TARGETED_DEVICE_FAMILY = "1,2";
			};
			name = Debug;
		};
		18E910652423D11200AA5895 /* Release */ = {
			isa = XCBuildConfiguration;
			buildSettings = {
				ASSETCATALOG_COMPILER_APPICON_NAME = AppIcon;
				CODE_SIGN_STYLE = Automatic;
				DEVELOPMENT_TEAM = 53K7S5SJTF;
				INFOPLIST_FILE = FireChat/Info.plist;
				LD_RUNPATH_SEARCH_PATHS = (
					"$(inherited)",
					"@executable_path/Frameworks",
				);
				PRODUCT_BUNDLE_IDENTIFIER = com.social.FireChat;
				PRODUCT_NAME = "$(TARGET_NAME)";
				SWIFT_VERSION = 5.0;
				TARGETED_DEVICE_FAMILY = "1,2";
			};
			name = Release;
		};
/* End XCBuildConfiguration section */

/* Begin XCConfigurationList section */
		18E9104A2423D10C00AA5895 /* Build configuration list for PBXProject "FireChat" */ = {
			isa = XCConfigurationList;
			buildConfigurations = (
				18E910612423D11200AA5895 /* Debug */,
				18E910622423D11200AA5895 /* Release */,
			);
			defaultConfigurationIsVisible = 0;
			defaultConfigurationName = Release;
		};
		18E910632423D11200AA5895 /* Build configuration list for PBXNativeTarget "FireChat" */ = {
			isa = XCConfigurationList;
			buildConfigurations = (
				18E910642423D11200AA5895 /* Debug */,
				18E910652423D11200AA5895 /* Release */,
			);
			defaultConfigurationIsVisible = 0;
			defaultConfigurationName = Release;
		};
/* End XCConfigurationList section */
	};
	rootObject = 18E910472423D10C00AA5895 /* Project object */;
}
